// !$*UTF8*$!
{
	archiveVersion = 1;
	classes = {
	};
	objectVersion = 51;
	objects = {

/* Begin PBXBuildFile section */
		0A5049AB6991EAD84F8976CD /* Pods_PowerList.framework in Frameworks */ = {isa = PBXBuildFile; fileRef = C9A7C6AD7FF0103DD9547694 /* Pods_PowerList.framework */; };
		C02ABB3D23FD798A00B3CB42 /* AppDelegate.swift in Sources */ = {isa = PBXBuildFile; fileRef = C02ABB3C23FD798A00B3CB42 /* AppDelegate.swift */; };
		C02ABB3F23FD798A00B3CB42 /* SceneDelegate.swift in Sources */ = {isa = PBXBuildFile; fileRef = C02ABB3E23FD798A00B3CB42 /* SceneDelegate.swift */; };
		C02ABB4123FD798A00B3CB42 /* ViewController.swift in Sources */ = {isa = PBXBuildFile; fileRef = C02ABB4023FD798A00B3CB42 /* ViewController.swift */; };
		C02ABB4423FD798A00B3CB42 /* Main.storyboard in Resources */ = {isa = PBXBuildFile; fileRef = C02ABB4223FD798A00B3CB42 /* Main.storyboard */; };
		C02ABB4623FD799000B3CB42 /* Assets.xcassets in Resources */ = {isa = PBXBuildFile; fileRef = C02ABB4523FD799000B3CB42 /* Assets.xcassets */; };
		C02ABB4923FD799000B3CB42 /* LaunchScreen.storyboard in Resources */ = {isa = PBXBuildFile; fileRef = C02ABB4723FD799000B3CB42 /* LaunchScreen.storyboard */; };
		C077A0E72407F77600EE8C22 /* Item.swift in Sources */ = {isa = PBXBuildFile; fileRef = C077A0E62407F77600EE8C22 /* Item.swift */; };
		C077A0E92407F7C600EE8C22 /* PoweredList.swift in Sources */ = {isa = PBXBuildFile; fileRef = C077A0E82407F7C600EE8C22 /* PoweredList.swift */; };
		C077A0EC2407FC3600EE8C22 /* Note.swift in Sources */ = {isa = PBXBuildFile; fileRef = C077A0EB2407FC3600EE8C22 /* Note.swift */; };
		C077A0EF240802A700EE8C22 /* ItemViewController.swift in Sources */ = {isa = PBXBuildFile; fileRef = C077A0EE240802A700EE8C22 /* ItemViewController.swift */; };
		C077A0F1240802D000EE8C22 /* NoteViewController.swift in Sources */ = {isa = PBXBuildFile; fileRef = C077A0F0240802D000EE8C22 /* NoteViewController.swift */; };
/* End PBXBuildFile section */

/* Begin PBXFileReference section */
		02C97B18A0DBDC414B208E35 /* Pods-PowerList.debug.xcconfig */ = {isa = PBXFileReference; includeInIndex = 1; lastKnownFileType = text.xcconfig; name = "Pods-PowerList.debug.xcconfig"; path = "Target Support Files/Pods-PowerList/Pods-PowerList.debug.xcconfig"; sourceTree = "<group>"; };
		06022C8DE6F8D20DADAA82DF /* Pods-PowerList.release.xcconfig */ = {isa = PBXFileReference; includeInIndex = 1; lastKnownFileType = text.xcconfig; name = "Pods-PowerList.release.xcconfig"; path = "Target Support Files/Pods-PowerList/Pods-PowerList.release.xcconfig"; sourceTree = "<group>"; };
		C02ABB3923FD798900B3CB42 /* PowerList.app */ = {isa = PBXFileReference; explicitFileType = wrapper.application; includeInIndex = 0; path = PowerList.app; sourceTree = BUILT_PRODUCTS_DIR; };
		C02ABB3C23FD798A00B3CB42 /* AppDelegate.swift */ = {isa = PBXFileReference; lastKnownFileType = sourcecode.swift; path = AppDelegate.swift; sourceTree = "<group>"; };
		C02ABB3E23FD798A00B3CB42 /* SceneDelegate.swift */ = {isa = PBXFileReference; lastKnownFileType = sourcecode.swift; path = SceneDelegate.swift; sourceTree = "<group>"; };
		C02ABB4023FD798A00B3CB42 /* ViewController.swift */ = {isa = PBXFileReference; lastKnownFileType = sourcecode.swift; path = ViewController.swift; sourceTree = "<group>"; };
		C02ABB4323FD798A00B3CB42 /* Base */ = {isa = PBXFileReference; lastKnownFileType = file.storyboard; name = Base; path = Base.lproj/Main.storyboard; sourceTree = "<group>"; };
		C02ABB4523FD799000B3CB42 /* Assets.xcassets */ = {isa = PBXFileReference; lastKnownFileType = folder.assetcatalog; path = Assets.xcassets; sourceTree = "<group>"; };
		C02ABB4823FD799000B3CB42 /* Base */ = {isa = PBXFileReference; lastKnownFileType = file.storyboard; name = Base; path = Base.lproj/LaunchScreen.storyboard; sourceTree = "<group>"; };
		C02ABB4A23FD799000B3CB42 /* Info.plist */ = {isa = PBXFileReference; lastKnownFileType = text.plist.xml; path = Info.plist; sourceTree = "<group>"; };
		C077A0E62407F77600EE8C22 /* Item.swift */ = {isa = PBXFileReference; lastKnownFileType = sourcecode.swift; path = Item.swift; sourceTree = "<group>"; };
		C077A0E82407F7C600EE8C22 /* PoweredList.swift */ = {isa = PBXFileReference; lastKnownFileType = sourcecode.swift; path = PoweredList.swift; sourceTree = "<group>"; };
		C077A0EB2407FC3600EE8C22 /* Note.swift */ = {isa = PBXFileReference; lastKnownFileType = sourcecode.swift; path = Note.swift; sourceTree = "<group>"; };
		C077A0EE240802A700EE8C22 /* ItemViewController.swift */ = {isa = PBXFileReference; lastKnownFileType = sourcecode.swift; path = ItemViewController.swift; sourceTree = "<group>"; };
		C077A0F0240802D000EE8C22 /* NoteViewController.swift */ = {isa = PBXFileReference; lastKnownFileType = sourcecode.swift; path = NoteViewController.swift; sourceTree = "<group>"; };
		C9A7C6AD7FF0103DD9547694 /* Pods_PowerList.framework */ = {isa = PBXFileReference; explicitFileType = wrapper.framework; includeInIndex = 0; path = Pods_PowerList.framework; sourceTree = BUILT_PRODUCTS_DIR; };
/* End PBXFileReference section */

/* Begin PBXFrameworksBuildPhase section */
		C02ABB3623FD798900B3CB42 /* Frameworks */ = {
			isa = PBXFrameworksBuildPhase;
			buildActionMask = 2147483647;
			files = (
				0A5049AB6991EAD84F8976CD /* Pods_PowerList.framework in Frameworks */,
			);
			runOnlyForDeploymentPostprocessing = 0;
		};
/* End PBXFrameworksBuildPhase section */

/* Begin PBXGroup section */
		24D8845C8A2FCEE9AFA1452E /* Frameworks */ = {
			isa = PBXGroup;
			children = (
				C9A7C6AD7FF0103DD9547694 /* Pods_PowerList.framework */,
			);
			name = Frameworks;
			sourceTree = "<group>";
		};
		86070C4E84FF6358CEADD019 /* Pods */ = {
			isa = PBXGroup;
			children = (
				02C97B18A0DBDC414B208E35 /* Pods-PowerList.debug.xcconfig */,
				06022C8DE6F8D20DADAA82DF /* Pods-PowerList.release.xcconfig */,
			);
			path = Pods;
			sourceTree = "<group>";
		};
		C02ABB3023FD798900B3CB42 = {
			isa = PBXGroup;
			children = (
				C02ABB3B23FD798A00B3CB42 /* PowerList */,
				C02ABB3A23FD798900B3CB42 /* Products */,
				86070C4E84FF6358CEADD019 /* Pods */,
				24D8845C8A2FCEE9AFA1452E /* Frameworks */,
			);
			sourceTree = "<group>";
		};
		C02ABB3A23FD798900B3CB42 /* Products */ = {
			isa = PBXGroup;
			children = (
				C02ABB3923FD798900B3CB42 /* PowerList.app */,
			);
			name = Products;
			sourceTree = "<group>";
		};
		C02ABB3B23FD798A00B3CB42 /* PowerList */ = {
			isa = PBXGroup;
			children = (
				C02ABB3C23FD798A00B3CB42 /* AppDelegate.swift */,
				C02ABB3E23FD798A00B3CB42 /* SceneDelegate.swift */,
				C02ABB4223FD798A00B3CB42 /* Main.storyboard */,
				C077A0EA2407F7D300EE8C22 /* Model */,
				C077A0ED2407FF7600EE8C22 /* Controller */,
				C02ABB4523FD799000B3CB42 /* Assets.xcassets */,
				C02ABB4723FD799000B3CB42 /* LaunchScreen.storyboard */,
				C02ABB4A23FD799000B3CB42 /* Info.plist */,
			);
			path = PowerList;
			sourceTree = "<group>";
		};
		C077A0EA2407F7D300EE8C22 /* Model */ = {
			isa = PBXGroup;
			children = (
				C077A0E82407F7C600EE8C22 /* PoweredList.swift */,
				C077A0E62407F77600EE8C22 /* Item.swift */,
				C077A0EB2407FC3600EE8C22 /* Note.swift */,
			);
			path = Model;
			sourceTree = "<group>";
		};
		C077A0ED2407FF7600EE8C22 /* Controller */ = {
			isa = PBXGroup;
			children = (
				C02ABB4023FD798A00B3CB42 /* ViewController.swift */,
				C077A0EE240802A700EE8C22 /* ItemViewController.swift */,
				C077A0F0240802D000EE8C22 /* NoteViewController.swift */,
			);
			path = Controller;
			sourceTree = "<group>";
		};
/* End PBXGroup section */

/* Begin PBXNativeTarget section */
		C02ABB3823FD798900B3CB42 /* PowerList */ = {
			isa = PBXNativeTarget;
			buildConfigurationList = C02ABB4D23FD799000B3CB42 /* Build configuration list for PBXNativeTarget "PowerList" */;
			buildPhases = (
				571D2DFA8EDADBDEF255987C /* [CP] Check Pods Manifest.lock */,
				C02ABB3523FD798900B3CB42 /* Sources */,
				C02ABB3623FD798900B3CB42 /* Frameworks */,
				C02ABB3723FD798900B3CB42 /* Resources */,
				A8CD73C97C9714B7ABAB22DC /* [CP] Embed Pods Frameworks */,
			);
			buildRules = (
			);
			dependencies = (
			);
			name = PowerList;
			productName = PowerList;
			productReference = C02ABB3923FD798900B3CB42 /* PowerList.app */;
			productType = "com.apple.product-type.application";
		};
/* End PBXNativeTarget section */

/* Begin PBXProject section */
		C02ABB3123FD798900B3CB42 /* Project object */ = {
			isa = PBXProject;
			attributes = {
				LastSwiftUpdateCheck = 1120;
				LastUpgradeCheck = 1120;
				ORGANIZATIONNAME = "Abdul Diallo";
				TargetAttributes = {
					C02ABB3823FD798900B3CB42 = {
						CreatedOnToolsVersion = 11.2.1;
					};
				};
			};
			buildConfigurationList = C02ABB3423FD798900B3CB42 /* Build configuration list for PBXProject "PowerList" */;
			compatibilityVersion = "Xcode 9.3";
			developmentRegion = en;
			hasScannedForEncodings = 0;
			knownRegions = (
				en,
				Base,
			);
			mainGroup = C02ABB3023FD798900B3CB42;
			productRefGroup = C02ABB3A23FD798900B3CB42 /* Products */;
			projectDirPath = "";
			projectRoot = "";
			targets = (
				C02ABB3823FD798900B3CB42 /* PowerList */,
			);
		};
/* End PBXProject section */

/* Begin PBXResourcesBuildPhase section */
		C02ABB3723FD798900B3CB42 /* Resources */ = {
			isa = PBXResourcesBuildPhase;
			buildActionMask = 2147483647;
			files = (
				C02ABB4923FD799000B3CB42 /* LaunchScreen.storyboard in Resources */,
				C02ABB4623FD799000B3CB42 /* Assets.xcassets in Resources */,
				C02ABB4423FD798A00B3CB42 /* Main.storyboard in Resources */,
			);
			runOnlyForDeploymentPostprocessing = 0;
		};
/* End PBXResourcesBuildPhase section */

/* Begin PBXShellScriptBuildPhase section */
		571D2DFA8EDADBDEF255987C /* [CP] Check Pods Manifest.lock */ = {
			isa = PBXShellScriptBuildPhase;
			buildActionMask = 2147483647;
			files = (
			);
			inputFileListPaths = (
			);
			inputPaths = (
				"${PODS_PODFILE_DIR_PATH}/Podfile.lock",
				"${PODS_ROOT}/Manifest.lock",
			);
			name = "[CP] Check Pods Manifest.lock";
			outputFileListPaths = (
			);
			outputPaths = (
				"$(DERIVED_FILE_DIR)/Pods-PowerList-checkManifestLockResult.txt",
			);
			runOnlyForDeploymentPostprocessing = 0;
			shellPath = /bin/sh;
			shellScript = "diff \"${PODS_PODFILE_DIR_PATH}/Podfile.lock\" \"${PODS_ROOT}/Manifest.lock\" > /dev/null\nif [ $? != 0 ] ; then\n    # print error to STDERR\n    echo \"error: The sandbox is not in sync with the Podfile.lock. Run 'pod install' or update your CocoaPods installation.\" >&2\n    exit 1\nfi\n# This output is used by Xcode 'outputs' to avoid re-running this script phase.\necho \"SUCCESS\" > \"${SCRIPT_OUTPUT_FILE_0}\"\n";
			showEnvVarsInLog = 0;
		};
		A8CD73C97C9714B7ABAB22DC /* [CP] Embed Pods Frameworks */ = {
			isa = PBXShellScriptBuildPhase;
			buildActionMask = 2147483647;
			files = (
			);
			inputFileListPaths = (
				"${PODS_ROOT}/Target Support Files/Pods-PowerList/Pods-PowerList-frameworks-${CONFIGURATION}-input-files.xcfilelist",
			);
			name = "[CP] Embed Pods Frameworks";
			outputFileListPaths = (
				"${PODS_ROOT}/Target Support Files/Pods-PowerList/Pods-PowerList-frameworks-${CONFIGURATION}-output-files.xcfilelist",
			);
			runOnlyForDeploymentPostprocessing = 0;
			shellPath = /bin/sh;
			shellScript = "\"${PODS_ROOT}/Target Support Files/Pods-PowerList/Pods-PowerList-frameworks.sh\"\n";
			showEnvVarsInLog = 0;
		};
/* End PBXShellScriptBuildPhase section */

/* Begin PBXSourcesBuildPhase section */
		C02ABB3523FD798900B3CB42 /* Sources */ = {
			isa = PBXSourcesBuildPhase;
			buildActionMask = 2147483647;
			files = (
				C077A0F1240802D000EE8C22 /* NoteViewController.swift in Sources */,
				C077A0EF240802A700EE8C22 /* ItemViewController.swift in Sources */,
				C077A0E72407F77600EE8C22 /* Item.swift in Sources */,
				C02ABB4123FD798A00B3CB42 /* ViewController.swift in Sources */,
				C02ABB3D23FD798A00B3CB42 /* AppDelegate.swift in Sources */,
				C077A0E92407F7C600EE8C22 /* PoweredList.swift in Sources */,
				C02ABB3F23FD798A00B3CB42 /* SceneDelegate.swift in Sources */,
				C077A0EC2407FC3600EE8C22 /* Note.swift in Sources */,
			);
			runOnlyForDeploymentPostprocessing = 0;
		};
/* End PBXSourcesBuildPhase section */

/* Begin PBXVariantGroup section */
		C02ABB4223FD798A00B3CB42 /* Main.storyboard */ = {
			isa = PBXVariantGroup;
			children = (
				C02ABB4323FD798A00B3CB42 /* Base */,
			);
			name = Main.storyboard;
			sourceTree = "<group>";
		};
		C02ABB4723FD799000B3CB42 /* LaunchScreen.storyboard */ = {
			isa = PBXVariantGroup;
			children = (
				C02ABB4823FD799000B3CB42 /* Base */,
			);
			name = LaunchScreen.storyboard;
			sourceTree = "<group>";
		};
/* End PBXVariantGroup section */

/* Begin XCBuildConfiguration section */
		C02ABB4B23FD799000B3CB42 /* Debug */ = {
			isa = XCBuildConfiguration;
			buildSettings = {
				ALWAYS_SEARCH_USER_PATHS = NO;
				CLANG_ANALYZER_NONNULL = YES;
				CLANG_ANALYZER_NUMBER_OBJECT_CONVERSION = YES_AGGRESSIVE;
				CLANG_CXX_LANGUAGE_STANDARD = "gnu++14";
				CLANG_CXX_LIBRARY = "libc++";
				CLANG_ENABLE_MODULES = YES;
				CLANG_ENABLE_OBJC_ARC = YES;
				CLANG_ENABLE_OBJC_WEAK = YES;
				CLANG_WARN_BLOCK_CAPTURE_AUTORELEASING = YES;
				CLANG_WARN_BOOL_CONVERSION = YES;
				CLANG_WARN_COMMA = YES;
				CLANG_WARN_CONSTANT_CONVERSION = YES;
				CLANG_WARN_DEPRECATED_OBJC_IMPLEMENTATIONS = YES;
				CLANG_WARN_DIRECT_OBJC_ISA_USAGE = YES_ERROR;
				CLANG_WARN_DOCUMENTATION_COMMENTS = YES;
				CLANG_WARN_EMPTY_BODY = YES;
				CLANG_WARN_ENUM_CONVERSION = YES;
				CLANG_WARN_INFINITE_RECURSION = YES;
				CLANG_WARN_INT_CONVERSION = YES;
				CLANG_WARN_NON_LITERAL_NULL_CONVERSION = YES;
				CLANG_WARN_OBJC_IMPLICIT_RETAIN_SELF = YES;
				CLANG_WARN_OBJC_LITERAL_CONVERSION = YES;
				CLANG_WARN_OBJC_ROOT_CLASS = YES_ERROR;
				CLANG_WARN_RANGE_LOOP_ANALYSIS = YES;
				CLANG_WARN_STRICT_PROTOTYPES = YES;
				CLANG_WARN_SUSPICIOUS_MOVE = YES;
				CLANG_WARN_UNGUARDED_AVAILABILITY = YES_AGGRESSIVE;
				CLANG_WARN_UNREACHABLE_CODE = YES;
				CLANG_WARN__DUPLICATE_METHOD_MATCH = YES;
				COPY_PHASE_STRIP = NO;
				DEBUG_INFORMATION_FORMAT = dwarf;
				ENABLE_STRICT_OBJC_MSGSEND = YES;
				ENABLE_TESTABILITY = YES;
				GCC_C_LANGUAGE_STANDARD = gnu11;
				GCC_DYNAMIC_NO_PIC = NO;
				GCC_NO_COMMON_BLOCKS = YES;
				GCC_OPTIMIZATION_LEVEL = 0;
				GCC_PREPROCESSOR_DEFINITIONS = (
					"DEBUG=1",
					"$(inherited)",
				);
				GCC_WARN_64_TO_32_BIT_CONVERSION = YES;
				GCC_WARN_ABOUT_RETURN_TYPE = YES_ERROR;
				GCC_WARN_UNDECLARED_SELECTOR = YES;
				GCC_WARN_UNINITIALIZED_AUTOS = YES_AGGRESSIVE;
				GCC_WARN_UNUSED_FUNCTION = YES;
				GCC_WARN_UNUSED_VARIABLE = YES;
				IPHONEOS_DEPLOYMENT_TARGET = 13.2;
				MTL_ENABLE_DEBUG_INFO = INCLUDE_SOURCE;
				MTL_FAST_MATH = YES;
				ONLY_ACTIVE_ARCH = YES;
				SDKROOT = iphoneos;
				SWIFT_ACTIVE_COMPILATION_CONDITIONS = DEBUG;
				SWIFT_OPTIMIZATION_LEVEL = "-Onone";
			};
			name = Debug;
		};
		C02ABB4C23FD799000B3CB42 /* Release */ = {
			isa = XCBuildConfiguration;
			buildSettings = {
				ALWAYS_SEARCH_USER_PATHS = NO;
				CLANG_ANALYZER_NONNULL = YES;
				CLANG_ANALYZER_NUMBER_OBJECT_CONVERSION = YES_AGGRESSIVE;
				CLANG_CXX_LANGUAGE_STANDARD = "gnu++14";
				CLANG_CXX_LIBRARY = "libc++";
				CLANG_ENABLE_MODULES = YES;
				CLANG_ENABLE_OBJC_ARC = YES;
				CLANG_ENABLE_OBJC_WEAK = YES;
				CLANG_WARN_BLOCK_CAPTURE_AUTORELEASING = YES;
				CLANG_WARN_BOOL_CONVERSION = YES;
				CLANG_WARN_COMMA = YES;
				CLANG_WARN_CONSTANT_CONVERSION = YES;
				CLANG_WARN_DEPRECATED_OBJC_IMPLEMENTATIONS = YES;
				CLANG_WARN_DIRECT_OBJC_ISA_USAGE = YES_ERROR;
				CLANG_WARN_DOCUMENTATION_COMMENTS = YES;
				CLANG_WARN_EMPTY_BODY = YES;
				CLANG_WARN_ENUM_CONVERSION = YES;
				CLANG_WARN_INFINITE_RECURSION = YES;
				CLANG_WARN_INT_CONVERSION = YES;
				CLANG_WARN_NON_LITERAL_NULL_CONVERSION = YES;
				CLANG_WARN_OBJC_IMPLICIT_RETAIN_SELF = YES;
				CLANG_WARN_OBJC_LITERAL_CONVERSION = YES;
				CLANG_WARN_OBJC_ROOT_CLASS = YES_ERROR;
				CLANG_WARN_RANGE_LOOP_ANALYSIS = YES;
				CLANG_WARN_STRICT_PROTOTYPES = YES;
				CLANG_WARN_SUSPICIOUS_MOVE = YES;
				CLANG_WARN_UNGUARDED_AVAILABILITY = YES_AGGRESSIVE;
				CLANG_WARN_UNREACHABLE_CODE = YES;
				CLANG_WARN__DUPLICATE_METHOD_MATCH = YES;
				COPY_PHASE_STRIP = NO;
				DEBUG_INFORMATION_FORMAT = "dwarf-with-dsym";
				ENABLE_NS_ASSERTIONS = NO;
				ENABLE_STRICT_OBJC_MSGSEND = YES;
				GCC_C_LANGUAGE_STANDARD = gnu11;
				GCC_NO_COMMON_BLOCKS = YES;
				GCC_WARN_64_TO_32_BIT_CONVERSION = YES;
				GCC_WARN_ABOUT_RETURN_TYPE = YES_ERROR;
				GCC_WARN_UNDECLARED_SELECTOR = YES;
				GCC_WARN_UNINITIALIZED_AUTOS = YES_AGGRESSIVE;
				GCC_WARN_UNUSED_FUNCTION = YES;
				GCC_WARN_UNUSED_VARIABLE = YES;
				IPHONEOS_DEPLOYMENT_TARGET = 13.2;
				MTL_ENABLE_DEBUG_INFO = NO;
				MTL_FAST_MATH = YES;
				SDKROOT = iphoneos;
				SWIFT_COMPILATION_MODE = wholemodule;
				SWIFT_OPTIMIZATION_LEVEL = "-O";
				VALIDATE_PRODUCT = YES;
			};
			name = Release;
		};
		C02ABB4E23FD799000B3CB42 /* Debug */ = {
			isa = XCBuildConfiguration;
			baseConfigurationReference = 02C97B18A0DBDC414B208E35 /* Pods-PowerList.debug.xcconfig */;
			buildSettings = {
				ASSETCATALOG_COMPILER_APPICON_NAME = AppIcon;
				CODE_SIGN_STYLE = Automatic;
				DEVELOPMENT_TEAM = ZNY957A2G6;
				INFOPLIST_FILE = PowerList/Info.plist;
				LD_RUNPATH_SEARCH_PATHS = (
					"$(inherited)",
					"@executable_path/Frameworks",
				);
				PRODUCT_BUNDLE_IDENTIFIER = abdulCo.PowerList;
				PRODUCT_NAME = "$(TARGET_NAME)";
				SWIFT_VERSION = 5.0;
				TARGETED_DEVICE_FAMILY = "1,2";
			};
			name = Debug;
		};
		C02ABB4F23FD799000B3CB42 /* Release */ = {
			isa = XCBuildConfiguration;
			baseConfigurationReference = 06022C8DE6F8D20DADAA82DF /* Pods-PowerList.release.xcconfig */;
			buildSettings = {
				ASSETCATALOG_COMPILER_APPICON_NAME = AppIcon;
				CODE_SIGN_STYLE = Automatic;
				DEVELOPMENT_TEAM = ZNY957A2G6;
				INFOPLIST_FILE = PowerList/Info.plist;
				LD_RUNPATH_SEARCH_PATHS = (
					"$(inherited)",
					"@executable_path/Frameworks",
				);
				PRODUCT_BUNDLE_IDENTIFIER = abdulCo.PowerList;
				PRODUCT_NAME = "$(TARGET_NAME)";
				SWIFT_VERSION = 5.0;
				TARGETED_DEVICE_FAMILY = "1,2";
			};
			name = Release;
		};
/* End XCBuildConfiguration section */

/* Begin XCConfigurationList section */
		C02ABB3423FD798900B3CB42 /* Build configuration list for PBXProject "PowerList" */ = {
			isa = XCConfigurationList;
			buildConfigurations = (
				C02ABB4B23FD799000B3CB42 /* Debug */,
				C02ABB4C23FD799000B3CB42 /* Release */,
			);
			defaultConfigurationIsVisible = 0;
			defaultConfigurationName = Release;
		};
		C02ABB4D23FD799000B3CB42 /* Build configuration list for PBXNativeTarget "PowerList" */ = {
			isa = XCConfigurationList;
			buildConfigurations = (
				C02ABB4E23FD799000B3CB42 /* Debug */,
				C02ABB4F23FD799000B3CB42 /* Release */,
			);
			defaultConfigurationIsVisible = 0;
			defaultConfigurationName = Release;
		};
/* End XCConfigurationList section */
	};
	rootObject = C02ABB3123FD798900B3CB42 /* Project object */;
}
